
Microsoft Visual Studio Solution File, Format Version 12.00
# Visual Studio 15
VisualStudioVersion = 15.0.27130.2010
MinimumVisualStudioVersion = 10.0.40219.1
Project("{FAE04EC0-301F-11D3-BF4B-00C04F79EFBC}") = "Grumpy.TestTools", "Grumpy.TestTools\Grumpy.TestTools.csproj", "{8932A208-6BD7-48FF-BAFF-8D9B3660B6F2}"
EndProject
Project("{2150E333-8FDC-42A3-9474-1A3956D46DE8}") = "Solution Items", "Solution Items", "{3A60DFDF-A7D9-453C-B142-F77305FD0E57}"
	ProjectSection(SolutionItems) = preProject
		.gitignore = .gitignore
		LICENSE = LICENSE
		README.md = README.md
	EndProjectSection
EndProject
Global
	GlobalSection(SolutionConfigurationPlatforms) = preSolution
		Debug|Any CPU = Debug|Any CPU
		Release|Any CPU = Release|Any CPU
	EndGlobalSection
	GlobalSection(ProjectConfigurationPlatforms) = postSolution
		{8932A208-6BD7-48FF-BAFF-8D9B3660B6F2}.Debug|Any CPU.ActiveCfg = Debug|Any CPU
		{8932A208-6BD7-48FF-BAFF-8D9B3660B6F2}.Debug|Any CPU.Build.0 = Debug|Any CPU
		{8932A208-6BD7-48FF-BAFF-8D9B3660B6F2}.Release|Any CPU.ActiveCfg = Release|Any CPU
		{8932A208-6BD7-48FF-BAFF-8D9B3660B6F2}.Release|Any CPU.Build.0 = Release|Any CPU
	EndGlobalSection
	GlobalSection(SolutionProperties) = preSolution
		HideSolutionNode = FALSE
	EndGlobalSection
	GlobalSection(ExtensibilityGlobals) = postSolution
		SolutionGuid = {48960ADC-2B04-4F36-81E1-F91FCC939D19}
	EndGlobalSection
EndGlobal
